
Microsoft Visual Studio Solution File, Format Version 12.00
# Visual Studio Version 16
VisualStudioVersion = 16.0.30114.105
MinimumVisualStudioVersion = 10.0.40219.1
Project("{FAE04EC0-301F-11D3-BF4B-00C04F79EFBC}") = "XamTrack.Android", "XamTrack.Android\XamTrack.Android.csproj", "{DAE63E4A-DA3F-4E01-AA68-F26D38105C62}"
	ProjectSection(ProjectDependencies) = postProject
		{73484BE8-C85E-4B8C-9A52-8BD835F8AF70} = {73484BE8-C85E-4B8C-9A52-8BD835F8AF70}
	EndProjectSection
EndProject
Project("{FAE04EC0-301F-11D3-BF4B-00C04F79EFBC}") = "XamTrack.iOS", "XamTrack.iOS\XamTrack.iOS.csproj", "{267632CC-F472-45E0-89FF-433FB1F88490}"
	ProjectSection(ProjectDependencies) = postProject
		{73484BE8-C85E-4B8C-9A52-8BD835F8AF70} = {73484BE8-C85E-4B8C-9A52-8BD835F8AF70}
	EndProjectSection
EndProject
Project("{9A19103F-16F7-4668-BE54-9A1E7A4F7556}") = "XamTrack", "XamTrack\XamTrack.csproj", "{F1B0632C-C7AD-4D2B-BEE0-2D68A040BA33}"
	ProjectSection(ProjectDependencies) = postProject
		{73484BE8-C85E-4B8C-9A52-8BD835F8AF70} = {73484BE8-C85E-4B8C-9A52-8BD835F8AF70}
	EndProjectSection
EndProject
Project("{9A19103F-16F7-4668-BE54-9A1E7A4F7556}") = "XamTrack.Core", "XamTrack.Core\XamTrack.Core.csproj", "{73484BE8-C85E-4B8C-9A52-8BD835F8AF70}"
EndProject
Project("{9A19103F-16F7-4668-BE54-9A1E7A4F7556}") = "XamTrack.Tests", "XamTrack.Tests\XamTrack.Tests.csproj", "{8D7B7920-E7DE-42B8-AFBE-2A0F97183085}"
EndProject
Global
	GlobalSection(SolutionConfigurationPlatforms) = preSolution
		Debug|Any CPU = Debug|Any CPU
		Debug|iPhone = Debug|iPhone
		Debug|iPhoneSimulator = Debug|iPhoneSimulator
		Release|Any CPU = Release|Any CPU
		Release|iPhone = Release|iPhone
		Release|iPhoneSimulator = Release|iPhoneSimulator
	EndGlobalSection
	GlobalSection(ProjectConfigurationPlatforms) = postSolution
		{DAE63E4A-DA3F-4E01-AA68-F26D38105C62}.Debug|Any CPU.ActiveCfg = Debug|Any CPU
		{DAE63E4A-DA3F-4E01-AA68-F26D38105C62}.Debug|Any CPU.Build.0 = Debug|Any CPU
		{DAE63E4A-DA3F-4E01-AA68-F26D38105C62}.Debug|Any CPU.Deploy.0 = Debug|Any CPU
		{DAE63E4A-DA3F-4E01-AA68-F26D38105C62}.Debug|iPhone.ActiveCfg = Debug|Any CPU
		{DAE63E4A-DA3F-4E01-AA68-F26D38105C62}.Debug|iPhoneSimulator.ActiveCfg = Debug|Any CPU
		{DAE63E4A-DA3F-4E01-AA68-F26D38105C62}.Release|Any CPU.ActiveCfg = Release|Any CPU
		{DAE63E4A-DA3F-4E01-AA68-F26D38105C62}.Release|Any CPU.Build.0 = Release|Any CPU
		{DAE63E4A-DA3F-4E01-AA68-F26D38105C62}.Release|Any CPU.Deploy.0 = Release|Any CPU
		{DAE63E4A-DA3F-4E01-AA68-F26D38105C62}.Release|iPhone.ActiveCfg = Debug|Any CPU
		{DAE63E4A-DA3F-4E01-AA68-F26D38105C62}.Release|iPhone.Deploy.0 = Debug|Any CPU
		{DAE63E4A-DA3F-4E01-AA68-F26D38105C62}.Release|iPhoneSimulator.ActiveCfg = Release|Any CPU
		{DAE63E4A-DA3F-4E01-AA68-F26D38105C62}.Release|iPhoneSimulator.Build.0 = Release|Any CPU
		{DAE63E4A-DA3F-4E01-AA68-F26D38105C62}.Release|iPhoneSimulator.Deploy.0 = Release|Any CPU
		{267632CC-F472-45E0-89FF-433FB1F88490}.Debug|Any CPU.ActiveCfg = Debug|iPhone
		{267632CC-F472-45E0-89FF-433FB1F88490}.Debug|Any CPU.Build.0 = Debug|iPhone
		{267632CC-F472-45E0-89FF-433FB1F88490}.Debug|iPhone.ActiveCfg = Debug|iPhone
		{267632CC-F472-45E0-89FF-433FB1F88490}.Debug|iPhone.Build.0 = Debug|iPhone
		{267632CC-F472-45E0-89FF-433FB1F88490}.Debug|iPhone.Deploy.0 = Debug|iPhone
		{267632CC-F472-45E0-89FF-433FB1F88490}.Debug|iPhoneSimulator.ActiveCfg = Debug|iPhoneSimulator
		{267632CC-F472-45E0-89FF-433FB1F88490}.Debug|iPhoneSimulator.Build.0 = Debug|iPhoneSimulator
		{267632CC-F472-45E0-89FF-433FB1F88490}.Debug|iPhoneSimulator.Deploy.0 = Debug|iPhoneSimulator
		{267632CC-F472-45E0-89FF-433FB1F88490}.Release|Any CPU.ActiveCfg = Release|iPhone
		{267632CC-F472-45E0-89FF-433FB1F88490}.Release|Any CPU.Build.0 = Release|iPhone
		{267632CC-F472-45E0-89FF-433FB1F88490}.Release|Any CPU.Deploy.0 = Release|iPhone
		{267632CC-F472-45E0-89FF-433FB1F88490}.Release|iPhone.ActiveCfg = Debug|iPhone
		{267632CC-F472-45E0-89FF-433FB1F88490}.Release|iPhone.Deploy.0 = Debug|iPhone
		{267632CC-F472-45E0-89FF-433FB1F88490}.Release|iPhoneSimulator.ActiveCfg = Release|iPhoneSimulator
		{267632CC-F472-45E0-89FF-433FB1F88490}.Release|iPhoneSimulator.Build.0 = Release|iPhoneSimulator
		{267632CC-F472-45E0-89FF-433FB1F88490}.Release|iPhoneSimulator.Deploy.0 = Release|iPhoneSimulator
		{267632CC-F472-45E0-89FF-433FB1F88490}.Release|iPhone.Build.0 = Debug|iPhone
		{F1B0632C-C7AD-4D2B-BEE0-2D68A040BA33}.Debug|Any CPU.ActiveCfg = Debug|Any CPU
		{F1B0632C-C7AD-4D2B-BEE0-2D68A040BA33}.Debug|Any CPU.Build.0 = Debug|Any CPU
		{F1B0632C-C7AD-4D2B-BEE0-2D68A040BA33}.Debug|Any CPU.Deploy.0 = Debug|Any CPU
		{F1B0632C-C7AD-4D2B-BEE0-2D68A040BA33}.Debug|iPhone.ActiveCfg = Debug|Any CPU
		{F1B0632C-C7AD-4D2B-BEE0-2D68A040BA33}.Debug|iPhone.Build.0 = Debug|Any CPU
		{F1B0632C-C7AD-4D2B-BEE0-2D68A040BA33}.Debug|iPhone.Deploy.0 = Debug|Any CPU
		{F1B0632C-C7AD-4D2B-BEE0-2D68A040BA33}.Debug|iPhoneSimulator.ActiveCfg = Debug|Any CPU
		{F1B0632C-C7AD-4D2B-BEE0-2D68A040BA33}.Debug|iPhoneSimulator.Build.0 = Debug|Any CPU
		{F1B0632C-C7AD-4D2B-BEE0-2D68A040BA33}.Debug|iPhoneSimulator.Deploy.0 = Debug|Any CPU
		{F1B0632C-C7AD-4D2B-BEE0-2D68A040BA33}.Release|Any CPU.ActiveCfg = Release|Any CPU
		{F1B0632C-C7AD-4D2B-BEE0-2D68A040BA33}.Release|Any CPU.Build.0 = Release|Any CPU
		{F1B0632C-C7AD-4D2B-BEE0-2D68A040BA33}.Release|Any CPU.Deploy.0 = Release|Any CPU
		{F1B0632C-C7AD-4D2B-BEE0-2D68A040BA33}.Release|iPhone.ActiveCfg = Debug|Any CPU
		{F1B0632C-C7AD-4D2B-BEE0-2D68A040BA33}.Release|iPhone.Build.0 = Debug|Any CPU
		{F1B0632C-C7AD-4D2B-BEE0-2D68A040BA33}.Release|iPhone.Deploy.0 = Debug|Any CPU
		{F1B0632C-C7AD-4D2B-BEE0-2D68A040BA33}.Release|iPhoneSimulator.ActiveCfg = Release|Any CPU
		{F1B0632C-C7AD-4D2B-BEE0-2D68A040BA33}.Release|iPhoneSimulator.Build.0 = Release|Any CPU
		{F1B0632C-C7AD-4D2B-BEE0-2D68A040BA33}.Release|iPhoneSimulator.Deploy.0 = Release|Any CPU
		{73484BE8-C85E-4B8C-9A52-8BD835F8AF70}.Debug|Any CPU.ActiveCfg = Debug|Any CPU
		{73484BE8-C85E-4B8C-9A52-8BD835F8AF70}.Debug|Any CPU.Build.0 = Debug|Any CPU
		{73484BE8-C85E-4B8C-9A52-8BD835F8AF70}.Debug|iPhone.ActiveCfg = Debug|Any CPU
		{73484BE8-C85E-4B8C-9A52-8BD835F8AF70}.Debug|iPhone.Build.0 = Debug|Any CPU
		{73484BE8-C85E-4B8C-9A52-8BD835F8AF70}.Debug|iPhoneSimulator.ActiveCfg = Debug|Any CPU
		{73484BE8-C85E-4B8C-9A52-8BD835F8AF70}.Debug|iPhoneSimulator.Build.0 = Debug|Any CPU
		{73484BE8-C85E-4B8C-9A52-8BD835F8AF70}.Release|Any CPU.ActiveCfg = Release|Any CPU
		{73484BE8-C85E-4B8C-9A52-8BD835F8AF70}.Release|Any CPU.Build.0 = Release|Any CPU
		{73484BE8-C85E-4B8C-9A52-8BD835F8AF70}.Release|iPhone.ActiveCfg = Debug|Any CPU
		{73484BE8-C85E-4B8C-9A52-8BD835F8AF70}.Release|iPhone.Build.0 = Debug|Any CPU
		{73484BE8-C85E-4B8C-9A52-8BD835F8AF70}.Release|iPhoneSimulator.ActiveCfg = Release|Any CPU
		{73484BE8-C85E-4B8C-9A52-8BD835F8AF70}.Release|iPhoneSimulator.Build.0 = Release|Any CPU
		{8D7B7920-E7DE-42B8-AFBE-2A0F97183085}.Debug|Any CPU.ActiveCfg = Debug|Any CPU
		{8D7B7920-E7DE-42B8-AFBE-2A0F97183085}.Debug|Any CPU.Build.0 = Debug|Any CPU
		{8D7B7920-E7DE-42B8-AFBE-2A0F97183085}.Debug|iPhone.ActiveCfg = Debug|Any CPU
		{8D7B7920-E7DE-42B8-AFBE-2A0F97183085}.Debug|iPhoneSimulator.ActiveCfg = Debug|Any CPU
		{8D7B7920-E7DE-42B8-AFBE-2A0F97183085}.Debug|iPhoneSimulator.Build.0 = Debug|Any CPU
		{8D7B7920-E7DE-42B8-AFBE-2A0F97183085}.Release|Any CPU.ActiveCfg = Release|Any CPU
		{8D7B7920-E7DE-42B8-AFBE-2A0F97183085}.Release|Any CPU.Build.0 = Release|Any CPU
		{8D7B7920-E7DE-42B8-AFBE-2A0F97183085}.Release|iPhone.ActiveCfg = Debug|Any CPU
		{8D7B7920-E7DE-42B8-AFBE-2A0F97183085}.Release|iPhoneSimulator.ActiveCfg = Release|Any CPU
		{8D7B7920-E7DE-42B8-AFBE-2A0F97183085}.Release|iPhoneSimulator.Build.0 = Release|Any CPU
	EndGlobalSection
	GlobalSection(SolutionProperties) = preSolution
		HideSolutionNode = FALSE
	EndGlobalSection
	GlobalSection(ExtensibilityGlobals) = postSolution
		SolutionGuid = {7BAC3354-8D3D-494D-AAE3-BE660A58C91B}
	EndGlobalSection
EndGlobal
